
Microsoft Visual Studio Solution File, Format Version 12.00
# Visual Studio Version 17
VisualStudioVersion = 17.8.34330.188
MinimumVisualStudioVersion = 10.0.40219.1
Project("{888888A0-9F3D-457C-B088-3A5042F75D52}") = "EDMarketConnector", "EDMarketConnector.pyproj", "{91B2E03E-ADD5-42FE-9C4C-7B84E39B0E36}"
EndProject
Project("{888888A0-9F3D-457C-B088-3A5042F75D52}") = "EDMC-MissionStatus", "C:\Users\Mark\AppData\Local\EDMarketConnector\plugins\EDMC-MissionStatus\EDMC-MissionStatus.pyproj", "{D8F9211D-599E-47D6-8352-B94EE768BB58}"
EndProject
Global
	GlobalSection(SolutionConfigurationPlatforms) = preSolution
		Debug|Any CPU = Debug|Any CPU
		Release|Any CPU = Release|Any CPU
	EndGlobalSection
	GlobalSection(ProjectConfigurationPlatforms) = postSolution
		{91B2E03E-ADD5-42FE-9C4C-7B84E39B0E36}.Debug|Any CPU.ActiveCfg = Debug|Any CPU
		{91B2E03E-ADD5-42FE-9C4C-7B84E39B0E36}.Release|Any CPU.ActiveCfg = Release|Any CPU
		{D8F9211D-599E-47D6-8352-B94EE768BB58}.Debug|Any CPU.ActiveCfg = Debug|Any CPU
		{D8F9211D-599E-47D6-8352-B94EE768BB58}.Release|Any CPU.ActiveCfg = Release|Any CPU
	EndGlobalSection
	GlobalSection(SolutionProperties) = preSolution
		HideSolutionNode = FALSE
	EndGlobalSection
	GlobalSection(ExtensibilityGlobals) = postSolution
		SolutionGuid = {2D779F8D-5543-4398-A264-BB8F4318D7C7}
	EndGlobalSection
EndGlobal
